hash: 2b9c6c7d2f71073afcbb5e3b3c3da5b2eac4872f615bf6993dd6be38da37d102
updated: 2017-05-30T08:17:37.850429144+02:00
imports:
- name: github.com/kr/pty
  version: 2c10821df3c3cf905230d078702dfbe9404c9b23
- name: github.com/mikkeloscar/aur
  version: 45da12d906501659286a4976db0352a97e3c29db
- name: github.com/mikkeloscar/gopkgbuild
  version: 890f1659c41b5618b9f3d07d5b1c28232411c909
- name: github.com/mikkeloscar/maze
  version: 2388ae8b9c26f2144cc522d9030b52ad93b13249
  subpackages:
  - common/util
  - model
  - repo
- name: github.com/Sirupsen/logrus
  version: ba1b36c82c5e05c4f912a88eab0dcd91a171688f
- name: golang.org/x/sys
  version: 8f0908ab3b2457e2e15403d3697c9ef5cb4b57a9
  subpackages:
  - unix
testImports:
- name: github.com/davecgh/go-spew
  version: 6d212800a42e8ab5c146b8ace3490ee17e5225f9
  subpackages:
  - spew
- name: github.com/pmezard/go-difflib
  version: d8ed2627bdf02c080bf22230dbb337003b7aba2d
  subpackages:
  - difflib
- name: github.com/stretchr/testify
  version: 69483b4bd14f5845b5a1e55bca19e954e827f1d0
  subpackages:
  - assert
